github.com/Horryportier/go-jisho v0.0.0-20221211185249-3c379e3e9180 h1:NPjQOYyrQNlqrHgeK5GymYfzWdqxazMSBBiKxGL2IWQ=
github.com/Horryportier/go-jisho v0.0.0-20221211185249-3c379e3e9180/go.mod h1:iPfoKyqFkIyPrMTT2SA0bqjn/q4kMSuk9s3/is7XtbA=
github.com/Horryportier/go-jisho v0.0.0-20221211194917-401100e3a975 h1:OqhjxMnhmBVCiO7eJe9493aq9XemGAtiUi2zg9byWmQ=
github.com/Horryportier/go-jisho v0.0.0-20221211194917-401100e3a975/go.mod h1:iPfoKyqFkIyPrMTT2SA0bqjn/q4kMSuk9s3/is7XtbA=
