github.com/Horryportier/go-jisho v0.0.0-20221213120304-20eb017b4dcb h1:REHlbQhqOnfQrEBt0MzBfqM1DeD2NgJ8AR4Dy5QF4CI=
github.com/Horryportier/go-jisho v0.0.0-20221213120304-20eb017b4dcb/go.mod h1:iPfoKyqFkIyPrMTT2SA0bqjn/q4kMSuk9s3/is7XtbA=
github.com/Horryportier/go-jisho v0.0.0-20221213121124-f476de9947e7 h1:CpLfPiTt79x4OsbWiBevCegkQTGPlL0VDgJl0GwJF4s=
github.com/Horryportier/go-jisho v0.0.0-20221213121124-f476de9947e7/go.mod h1:iPfoKyqFkIyPrMTT2SA0bqjn/q4kMSuk9s3/is7XtbA=
github.com/Horryportier/go-jisho v0.0.0-20221213122256-4fbe2a34872b h1:UPFt5cS6cbD9TPYb72Dq2WECkuIric+PloFFTUTjSmk=
github.com/Horryportier/go-jisho v0.0.0-20221213122256-4fbe2a34872b/go.mod h1:iPfoKyqFkIyPrMTT2SA0bqjn/q4kMSuk9s3/is7XtbA=
github.com/Horryportier/go-jisho v0.0.0-20221213123145-b1967d2775be h1:WtXvA3J4X5E35dxDEs2kqxUWP77rd9NrDDrra+Bmy2Q=
github.com/Horryportier/go-jisho v0.0.0-20221213123145-b1967d2775be/go.mod h1:iPfoKyqFkIyPrMTT2SA0bqjn/q4kMSuk9s3/is7XtbA=
github.com/Horryportier/go-jisho v0.0.0-20221213123525-3f4c0f56599c h1:PkCwednEmlnos4eeYe9Q1D3N3DCfFwqySnrR0LoGFv8=
github.com/Horryportier/go-jisho v0.0.0-20221213123525-3f4c0f56599c/go.mod h1:iPfoKyqFkIyPrMTT2SA0bqjn/q4kMSuk9s3/is7XtbA=
github.com/Horryportier/go-jisho v0.0.0-20221213124048-b4fa570fc968 h1:lOyxiA4fNzqo2uy0Av83CZBcxLHWKYj50MXUXSxJn80=
github.com/Horryportier/go-jisho v0.0.0-20221213124048-b4fa570fc968/go.mod h1:iPfoKyqFkIyPrMTT2SA0bqjn/q4kMSuk9s3/is7XtbA=
github.com/Horryportier/go-jisho v0.0.0-20221213124350-05f4e2a63472 h1:bL1WYp9yTqPn0GQmYOyXgrP/Gd6rY9CJn9GJPbaoby4=
github.com/Horryportier/go-jisho v0.0.0-20221213124350-05f4e2a63472/go.mod h1:iPfoKyqFkIyPrMTT2SA0bqjn/q4kMSuk9s3/is7XtbA=
github.com/Horryportier/go-jisho v0.0.0-20221213161551-e21ff64cff37 h1:PRu/WRkeZ+URLl+3xBJKJNjCL6f4NE1k4k7tMRTjWyA=
github.com/Horryportier/go-jisho v0.0.0-20221213161551-e21ff64cff37/go.mod h1:iPfoKyqFkIyPrMTT2SA0bqjn/q4kMSuk9s3/is7XtbA=
github.com/Horryportier/go-jisho v0.0.0-20221213165957-1b0c6a2a0476 h1:qNcZFb9o77elTiMnhykH1J9BmlBVY7CdwJPs5f2j2m8=
github.com/Horryportier/go-jisho v0.0.0-20221213165957-1b0c6a2a0476/go.mod h1:iPfoKyqFkIyPrMTT2SA0bqjn/q4kMSuk9s3/is7XtbA=
github.com/Horryportier/go-jisho v0.0.0-20221213170446-9093b3688c8e h1:ms7G7dSdLZ2m9QhmlCPOcboIIT5rfxPHxHvzRKNUMAg=
github.com/Horryportier/go-jisho v0.0.0-20221213170446-9093b3688c8e/go.mod h1:iPfoKyqFkIyPrMTT2SA0bqjn/q4kMSuk9s3/is7XtbA=
github.com/gojp/kana v0.1.0 h1:8bd0WXAObhYpyFA3pF17YImnYyVshw0bcXS+ybNFYQk=
github.com/gojp/kana v0.1.0/go.mod h1:kWp5hDdJQqnZ2E3SQNQe+iejY63SZ+JdlbnW+qn7vxY=
